{
  "name": "cf-lib-issue",
  "version": "1.0.0",
  "lockfileVersion": 1,
  "requires": true,
  "dependencies": {
    "@contentful/rich-text-html-renderer": {
      "version": "15.3.3",
      "resolved": "https://registry.npmjs.org/@contentful/rich-text-html-renderer/-/rich-text-html-renderer-15.3.3.tgz",
      "integrity": "sha512-/ey0AckBrJrTC4ByfCh5SISfCBoiiS1XqR3F7hKIz/q6JUZgDc+aHuQyBbMdDNMksub5laLWfEmlE6o02Rr4tw==",
      "requires": {
        "@contentful/rich-text-types": "^15.3.3",
        "escape-html": "^1.0.3"
      }
    },
    "@contentful/rich-text-types": {
      "version": "15.3.3",
      "resolved": "https://registry.npmjs.org/@contentful/rich-text-types/-/rich-text-types-15.3.3.tgz",
      "integrity": "sha512-eT16r2G/bZmVyP2vXUx2n3RWY5W4IaeZJaxFDGFewLUE8Lw8sX+AW3gQAaSe8A2pHxNkOdpotKGOMxGyH7i5cA=="
    },
    "escape-html": {
      "version": "1.0.3",
      "resolved": "https://registry.npmjs.org/escape-html/-/escape-html-1.0.3.tgz",
      "integrity": "sha1-Aljq5NPQwJdN4cFpGI7wBR0dGYg="
    }
  }
}
